
Microsoft Visual Studio Solution File, Format Version 12.00
# Visual Studio 14
VisualStudioVersion = 14.0.25420.1
MinimumVisualStudioVersion = 10.0.40219.1
Project("{FAE04EC0-301F-11D3-BF4B-00C04F79EFBC}") = "Arcgis.Directions.BL", "Arcgis.Directions.BL\Arcgis.Directions.BL.csproj", "{9D4BEBBE-CA49-4AA1-B169-26C3E6D747C1}"
EndProject
Project("{FAE04EC0-301F-11D3-BF4B-00C04F79EFBC}") = "Arcgis.Directions.VM", "Arcgis.Directions.VM\Arcgis.Directions.VM.csproj", "{1E0BFA29-0873-4EC6-A18B-92748008A7A4}"
EndProject
Project("{FAE04EC0-301F-11D3-BF4B-00C04F79EFBC}") = "Arcgis.Directions.UI", "Arcgis.Directions.UI\Arcgis.Directions.UI.csproj", "{2A01B4A8-282A-46AF-A1E2-1DF7B03A18E1}"
EndProject
Project("{FAE04EC0-301F-11D3-BF4B-00C04F79EFBC}") = "Arcgis.Directions.Data.Model", "Arcgis.Directions.Data.Model\Arcgis.Directions.Data.Model.csproj", "{94B8A695-E52E-481E-8509-752F36687033}"
EndProject
Project("{FAE04EC0-301F-11D3-BF4B-00C04F79EFBC}") = "Arcgis.Directions.Orm", "Arcgis.Directions.Orm\Arcgis.Directions.Orm.csproj", "{28A0F1D6-F61F-4B64-8078-8B57E773712A}"
EndProject
Project("{FAE04EC0-301F-11D3-BF4B-00C04F79EFBC}") = "Arcgis.Directions.Data.Repository", "Arcgis.Directions.Data.Repository\Arcgis.Directions.Data.Repository.csproj", "{87990572-B166-41A1-9FFA-10CEE6E45A2E}"
EndProject
Project("{FAE04EC0-301F-11D3-BF4B-00C04F79EFBC}") = "FCM.Commons.BusinessLogic", "FCM.Commons.BusinessLogic\FCM.Commons.BusinessLogic.csproj", "{9BE369B8-9169-45FD-99DC-E6552A66A50B}"
EndProject
Global
	GlobalSection(SolutionConfigurationPlatforms) = preSolution
		Debug|Any CPU = Debug|Any CPU
		Release|Any CPU = Release|Any CPU
	EndGlobalSection
	GlobalSection(ProjectConfigurationPlatforms) = postSolution
		{9D4BEBBE-CA49-4AA1-B169-26C3E6D747C1}.Debug|Any CPU.ActiveCfg = Debug|Any CPU
		{9D4BEBBE-CA49-4AA1-B169-26C3E6D747C1}.Debug|Any CPU.Build.0 = Debug|Any CPU
		{9D4BEBBE-CA49-4AA1-B169-26C3E6D747C1}.Release|Any CPU.ActiveCfg = Release|Any CPU
		{9D4BEBBE-CA49-4AA1-B169-26C3E6D747C1}.Release|Any CPU.Build.0 = Release|Any CPU
		{1E0BFA29-0873-4EC6-A18B-92748008A7A4}.Debug|Any CPU.ActiveCfg = Debug|Any CPU
		{1E0BFA29-0873-4EC6-A18B-92748008A7A4}.Debug|Any CPU.Build.0 = Debug|Any CPU
		{1E0BFA29-0873-4EC6-A18B-92748008A7A4}.Release|Any CPU.ActiveCfg = Release|Any CPU
		{1E0BFA29-0873-4EC6-A18B-92748008A7A4}.Release|Any CPU.Build.0 = Release|Any CPU
		{2A01B4A8-282A-46AF-A1E2-1DF7B03A18E1}.Debug|Any CPU.ActiveCfg = Debug|Any CPU
		{2A01B4A8-282A-46AF-A1E2-1DF7B03A18E1}.Debug|Any CPU.Build.0 = Debug|Any CPU
		{2A01B4A8-282A-46AF-A1E2-1DF7B03A18E1}.Release|Any CPU.ActiveCfg = Release|Any CPU
		{2A01B4A8-282A-46AF-A1E2-1DF7B03A18E1}.Release|Any CPU.Build.0 = Release|Any CPU
		{94B8A695-E52E-481E-8509-752F36687033}.Debug|Any CPU.ActiveCfg = Debug|Any CPU
		{94B8A695-E52E-481E-8509-752F36687033}.Debug|Any CPU.Build.0 = Debug|Any CPU
		{94B8A695-E52E-481E-8509-752F36687033}.Release|Any CPU.ActiveCfg = Release|Any CPU
		{94B8A695-E52E-481E-8509-752F36687033}.Release|Any CPU.Build.0 = Release|Any CPU
		{28A0F1D6-F61F-4B64-8078-8B57E773712A}.Debug|Any CPU.ActiveCfg = Debug|Any CPU
		{28A0F1D6-F61F-4B64-8078-8B57E773712A}.Debug|Any CPU.Build.0 = Debug|Any CPU
		{28A0F1D6-F61F-4B64-8078-8B57E773712A}.Release|Any CPU.ActiveCfg = Release|Any CPU
		{28A0F1D6-F61F-4B64-8078-8B57E773712A}.Release|Any CPU.Build.0 = Release|Any CPU
		{87990572-B166-41A1-9FFA-10CEE6E45A2E}.Debug|Any CPU.ActiveCfg = Debug|Any CPU
		{87990572-B166-41A1-9FFA-10CEE6E45A2E}.Debug|Any CPU.Build.0 = Debug|Any CPU
		{87990572-B166-41A1-9FFA-10CEE6E45A2E}.Release|Any CPU.ActiveCfg = Release|Any CPU
		{87990572-B166-41A1-9FFA-10CEE6E45A2E}.Release|Any CPU.Build.0 = Release|Any CPU
		{9BE369B8-9169-45FD-99DC-E6552A66A50B}.Debug|Any CPU.ActiveCfg = Debug|Any CPU
		{9BE369B8-9169-45FD-99DC-E6552A66A50B}.Debug|Any CPU.Build.0 = Debug|Any CPU
		{9BE369B8-9169-45FD-99DC-E6552A66A50B}.Release|Any CPU.ActiveCfg = Release|Any CPU
		{9BE369B8-9169-45FD-99DC-E6552A66A50B}.Release|Any CPU.Build.0 = Release|Any CPU
	EndGlobalSection
	GlobalSection(SolutionProperties) = preSolution
		HideSolutionNode = FALSE
	EndGlobalSection
EndGlobal
